
Microsoft Visual Studio Solution File, Format Version 12.00
# Visual Studio Version 17
VisualStudioVersion = 17.11.35219.272
MinimumVisualStudioVersion = 10.0.40219.1
Project("{FAE04EC0-301F-11D3-BF4B-00C04F79EFBC}") = "Intro_to_ASP.NET", "Intro_to_ASP.NET\Intro_to_ASP.NET.csproj", "{0375D0F8-E20A-4CD9-87BA-A57886452617}"
EndProject
Global
	GlobalSection(SolutionConfigurationPlatforms) = preSolution
		Debug|Any CPU = Debug|Any CPU
		Release|Any CPU = Release|Any CPU
	EndGlobalSection
	GlobalSection(ProjectConfigurationPlatforms) = postSolution
		{0375D0F8-E20A-4CD9-87BA-A57886452617}.Debug|Any CPU.ActiveCfg = Debug|Any CPU
		{0375D0F8-E20A-4CD9-87BA-A57886452617}.Debug|Any CPU.Build.0 = Debug|Any CPU
		{0375D0F8-E20A-4CD9-87BA-A57886452617}.Release|Any CPU.ActiveCfg = Release|Any CPU
		{0375D0F8-E20A-4CD9-87BA-A57886452617}.Release|Any CPU.Build.0 = Release|Any CPU
	EndGlobalSection
	GlobalSection(SolutionProperties) = preSolution
		HideSolutionNode = FALSE
	EndGlobalSection
	GlobalSection(ExtensibilityGlobals) = postSolution
		SolutionGuid = {14040C45-E6B0-44B0-A1DE-99A3C0082F83}
	EndGlobalSection
EndGlobal
